
Microsoft Visual Studio Solution File, Format Version 12.00
# Visual Studio Version 17
VisualStudioVersion = 17.5.002.0
MinimumVisualStudioVersion = 10.0.40219.1
Project("{9A19103F-16F7-4668-BE54-9A1E7A4F7556}") = "JA3Cloak_InteropLoader", "JA3Cloak_InteropLoader\JA3Cloak_InteropLoader.csproj", "{65880DB0-20C8-4114-BF8C-C0A20C74736C}"
EndProject
Global
	GlobalSection(SolutionConfigurationPlatforms) = preSolution
		Debug|Any CPU = Debug|Any CPU
		Release|Any CPU = Release|Any CPU
	EndGlobalSection
	GlobalSection(ProjectConfigurationPlatforms) = postSolution
		{65880DB0-20C8-4114-BF8C-C0A20C74736C}.Debug|Any CPU.ActiveCfg = Debug|Any CPU
		{65880DB0-20C8-4114-BF8C-C0A20C74736C}.Debug|Any CPU.Build.0 = Debug|Any CPU
		{65880DB0-20C8-4114-BF8C-C0A20C74736C}.Release|Any CPU.ActiveCfg = Release|Any CPU
		{65880DB0-20C8-4114-BF8C-C0A20C74736C}.Release|Any CPU.Build.0 = Release|Any CPU
	EndGlobalSection
	GlobalSection(SolutionProperties) = preSolution
		HideSolutionNode = FALSE
	EndGlobalSection
	GlobalSection(ExtensibilityGlobals) = postSolution
		SolutionGuid = {7A29165C-2093-4907-9E2F-AC5CD9BAF6FC}
	EndGlobalSection
EndGlobal
